PODS:
  - ALSInAppPurchase (0.1.1):
    - OpenSSL
    - PodAsset
  - OpenSSL (1.0.210)
  - PodAsset (0.22.0)

DEPENDENCIES:
  - ALSInAppPurchase (from `../`)

EXTERNAL SOURCES:
  ALSInAppPurchase:
    :path: "../"

SPEC CHECKSUMS:
  ALSInAppPurchase: 04e23df780a4b724983b65c664b86fc2d2bfa452
  OpenSSL: 246ffb948e9d56466727fd318134af35f5aa764e
  PodAsset: d9d35b6a86ceaeaead63692a1bce27b4aea243b3

PODFILE CHECKSUM: 3ca6f69608e1c1f07968b27a06c7a57948cbee8d

COCOAPODS: 1.2.1
